
Microsoft Visual Studio Solution File, Format Version 12.00
# Visual Studio Version 16
VisualStudioVersion = 16.0.31005.135
MinimumVisualStudioVersion = 15.0.26124.0
Project("{9A19103F-16F7-4668-BE54-9A1E7A4F7556}") = "Storefront", "Storefront\Storefront.csproj", "{1BC8FB63-1E0D-43DF-8120-F2958E840327}"
EndProject
Project("{9A19103F-16F7-4668-BE54-9A1E7A4F7556}") = "Storefront.Test", "Storefront.Test\Storefront.Test.csproj", "{FFC814FB-1590-4540-ABEF-6A80B8811875}"
EndProject
Project("{9A19103F-16F7-4668-BE54-9A1E7A4F7556}") = "Storefront.DataAccess", "Storefront.DataAccess\Storefront.DataAccess.csproj", "{885B7063-82C2-487A-AF09-4810CB13F59C}"
EndProject
Project("{FAE04EC0-301F-11D3-BF4B-00C04F79EFBC}") = "Storefront.Library", "Storefront.Library\Storefront.Library.csproj", "{20929955-B766-47A3-AC5A-A48DB945795A}"
EndProject
Global
	GlobalSection(SolutionConfigurationPlatforms) = preSolution
		Debug|Any CPU = Debug|Any CPU
		Debug|x64 = Debug|x64
		Debug|x86 = Debug|x86
		Release|Any CPU = Release|Any CPU
		Release|x64 = Release|x64
		Release|x86 = Release|x86
	EndGlobalSection
	GlobalSection(ProjectConfigurationPlatforms) = postSolution
		{1BC8FB63-1E0D-43DF-8120-F2958E840327}.Debug|Any CPU.ActiveCfg = Debug|Any CPU
		{1BC8FB63-1E0D-43DF-8120-F2958E840327}.Debug|Any CPU.Build.0 = Debug|Any CPU
		{1BC8FB63-1E0D-43DF-8120-F2958E840327}.Debug|x64.ActiveCfg = Debug|Any CPU
		{1BC8FB63-1E0D-43DF-8120-F2958E840327}.Debug|x64.Build.0 = Debug|Any CPU
		{1BC8FB63-1E0D-43DF-8120-F2958E840327}.Debug|x86.ActiveCfg = Debug|Any CPU
		{1BC8FB63-1E0D-43DF-8120-F2958E840327}.Debug|x86.Build.0 = Debug|Any CPU
		{1BC8FB63-1E0D-43DF-8120-F2958E840327}.Release|Any CPU.ActiveCfg = Release|Any CPU
		{1BC8FB63-1E0D-43DF-8120-F2958E840327}.Release|Any CPU.Build.0 = Release|Any CPU
		{1BC8FB63-1E0D-43DF-8120-F2958E840327}.Release|x64.ActiveCfg = Release|Any CPU
		{1BC8FB63-1E0D-43DF-8120-F2958E840327}.Release|x64.Build.0 = Release|Any CPU
		{1BC8FB63-1E0D-43DF-8120-F2958E840327}.Release|x86.ActiveCfg = Release|Any CPU
		{1BC8FB63-1E0D-43DF-8120-F2958E840327}.Release|x86.Build.0 = Release|Any CPU
		{FFC814FB-1590-4540-ABEF-6A80B8811875}.Debug|Any CPU.ActiveCfg = Debug|Any CPU
		{FFC814FB-1590-4540-ABEF-6A80B8811875}.Debug|Any CPU.Build.0 = Debug|Any CPU
		{FFC814FB-1590-4540-ABEF-6A80B8811875}.Debug|x64.ActiveCfg = Debug|Any CPU
		{FFC814FB-1590-4540-ABEF-6A80B8811875}.Debug|x64.Build.0 = Debug|Any CPU
		{FFC814FB-1590-4540-ABEF-6A80B8811875}.Debug|x86.ActiveCfg = Debug|Any CPU
		{FFC814FB-1590-4540-ABEF-6A80B8811875}.Debug|x86.Build.0 = Debug|Any CPU
		{FFC814FB-1590-4540-ABEF-6A80B8811875}.Release|Any CPU.ActiveCfg = Release|Any CPU
		{FFC814FB-1590-4540-ABEF-6A80B8811875}.Release|Any CPU.Build.0 = Release|Any CPU
		{FFC814FB-1590-4540-ABEF-6A80B8811875}.Release|x64.ActiveCfg = Release|Any CPU
		{FFC814FB-1590-4540-ABEF-6A80B8811875}.Release|x64.Build.0 = Release|Any CPU
		{FFC814FB-1590-4540-ABEF-6A80B8811875}.Release|x86.ActiveCfg = Release|Any CPU
		{FFC814FB-1590-4540-ABEF-6A80B8811875}.Release|x86.Build.0 = Release|Any CPU
		{885B7063-82C2-487A-AF09-4810CB13F59C}.Debug|Any CPU.ActiveCfg = Debug|Any CPU
		{885B7063-82C2-487A-AF09-4810CB13F59C}.Debug|Any CPU.Build.0 = Debug|Any CPU
		{885B7063-82C2-487A-AF09-4810CB13F59C}.Debug|x64.ActiveCfg = Debug|Any CPU
		{885B7063-82C2-487A-AF09-4810CB13F59C}.Debug|x64.Build.0 = Debug|Any CPU
		{885B7063-82C2-487A-AF09-4810CB13F59C}.Debug|x86.ActiveCfg = Debug|Any CPU
		{885B7063-82C2-487A-AF09-4810CB13F59C}.Debug|x86.Build.0 = Debug|Any CPU
		{885B7063-82C2-487A-AF09-4810CB13F59C}.Release|Any CPU.ActiveCfg = Release|Any CPU
		{885B7063-82C2-487A-AF09-4810CB13F59C}.Release|Any CPU.Build.0 = Release|Any CPU
		{885B7063-82C2-487A-AF09-4810CB13F59C}.Release|x64.ActiveCfg = Release|Any CPU
		{885B7063-82C2-487A-AF09-4810CB13F59C}.Release|x64.Build.0 = Release|Any CPU
		{885B7063-82C2-487A-AF09-4810CB13F59C}.Release|x86.ActiveCfg = Release|Any CPU
		{885B7063-82C2-487A-AF09-4810CB13F59C}.Release|x86.Build.0 = Release|Any CPU
		{20929955-B766-47A3-AC5A-A48DB945795A}.Debug|Any CPU.ActiveCfg = Debug|Any CPU
		{20929955-B766-47A3-AC5A-A48DB945795A}.Debug|Any CPU.Build.0 = Debug|Any CPU
		{20929955-B766-47A3-AC5A-A48DB945795A}.Debug|x64.ActiveCfg = Debug|Any CPU
		{20929955-B766-47A3-AC5A-A48DB945795A}.Debug|x64.Build.0 = Debug|Any CPU
		{20929955-B766-47A3-AC5A-A48DB945795A}.Debug|x86.ActiveCfg = Debug|Any CPU
		{20929955-B766-47A3-AC5A-A48DB945795A}.Debug|x86.Build.0 = Debug|Any CPU
		{20929955-B766-47A3-AC5A-A48DB945795A}.Release|Any CPU.ActiveCfg = Release|Any CPU
		{20929955-B766-47A3-AC5A-A48DB945795A}.Release|Any CPU.Build.0 = Release|Any CPU
		{20929955-B766-47A3-AC5A-A48DB945795A}.Release|x64.ActiveCfg = Release|Any CPU
		{20929955-B766-47A3-AC5A-A48DB945795A}.Release|x64.Build.0 = Release|Any CPU
		{20929955-B766-47A3-AC5A-A48DB945795A}.Release|x86.ActiveCfg = Release|Any CPU
		{20929955-B766-47A3-AC5A-A48DB945795A}.Release|x86.Build.0 = Release|Any CPU
	EndGlobalSection
	GlobalSection(SolutionProperties) = preSolution
		HideSolutionNode = FALSE
	EndGlobalSection
	GlobalSection(ExtensibilityGlobals) = postSolution
		SolutionGuid = {C7D5558D-DCC4-4908-A4F6-819B75170070}
	EndGlobalSection
EndGlobal
